
Microsoft Visual Studio Solution File, Format Version 12.00
# Visual Studio Version 16
VisualStudioVersion = 16.0.30204.135
MinimumVisualStudioVersion = 10.0.40219.1
Project("{FAE04EC0-301F-11D3-BF4B-00C04F79EFBC}") = "SharpLAPSPassword", "SharpLAPSPassword\SharpLAPSPassword.csproj", "{76D1FA7F-4ECC-4262-BFAA-D929FCF42BE5}"
EndProject
Global
	GlobalSection(SolutionConfigurationPlatforms) = preSolution
		Debug|Any CPU = Debug|Any CPU
		Release|Any CPU = Release|Any CPU
	EndGlobalSection
	GlobalSection(ProjectConfigurationPlatforms) = postSolution
		{76D1FA7F-4ECC-4262-BFAA-D929FCF42BE5}.Debug|Any CPU.ActiveCfg = Debug|Any CPU
		{76D1FA7F-4ECC-4262-BFAA-D929FCF42BE5}.Debug|Any CPU.Build.0 = Debug|Any CPU
		{76D1FA7F-4ECC-4262-BFAA-D929FCF42BE5}.Release|Any CPU.ActiveCfg = Release|Any CPU
		{76D1FA7F-4ECC-4262-BFAA-D929FCF42BE5}.Release|Any CPU.Build.0 = Release|Any CPU
	EndGlobalSection
	GlobalSection(SolutionProperties) = preSolution
		HideSolutionNode = FALSE
	EndGlobalSection
	GlobalSection(ExtensibilityGlobals) = postSolution
		SolutionGuid = {93AB0B8A-7AFA-4CC4-81C2-6101EAC8E758}
	EndGlobalSection
EndGlobal
