
Microsoft Visual Studio Solution File, Format Version 12.00
# Visual Studio Version 16
VisualStudioVersion = 16.0.31702.278
MinimumVisualStudioVersion = 10.0.40219.1
Project("{FAE04EC0-301F-11D3-BF4B-00C04F79EFBC}") = "SharpCredPrompt", "SharpCredPrompt\SharpCredPrompt.csproj", "{7574C31F-4E4F-4ACC-BB13-A92D3D56A839}"
EndProject
Global
	GlobalSection(SolutionConfigurationPlatforms) = preSolution
		Debug|Any CPU = Debug|Any CPU
		Release|Any CPU = Release|Any CPU
	EndGlobalSection
	GlobalSection(ProjectConfigurationPlatforms) = postSolution
		{7574C31F-4E4F-4ACC-BB13-A92D3D56A839}.Debug|Any CPU.ActiveCfg = Debug|Any CPU
		{7574C31F-4E4F-4ACC-BB13-A92D3D56A839}.Debug|Any CPU.Build.0 = Debug|Any CPU
		{7574C31F-4E4F-4ACC-BB13-A92D3D56A839}.Release|Any CPU.ActiveCfg = Release|Any CPU
		{7574C31F-4E4F-4ACC-BB13-A92D3D56A839}.Release|Any CPU.Build.0 = Release|Any CPU
	EndGlobalSection
	GlobalSection(SolutionProperties) = preSolution
		HideSolutionNode = FALSE
	EndGlobalSection
	GlobalSection(ExtensibilityGlobals) = postSolution
		SolutionGuid = {56D3B67B-A1B5-46E6-A477-6E714918C093}
	EndGlobalSection
EndGlobal
